PODS:
  - AFNetworking (2.5.2):
    - AFNetworking/NSURLConnection (= 2.5.2)
    - AFNetworking/NSURLSession (= 2.5.2)
    - AFNetworking/Reachability (= 2.5.2)
    - AFNetworking/Security (= 2.5.2)
    - AFNetworking/Serialization (= 2.5.2)
    - AFNetworking/UIKit (= 2.5.2)
  - AFNetworking/NSURLConnection (2.5.2):
    - AFNetworking/Reachability
    - AFNetworking/Security
    - AFNetworking/Serialization
  - AFNetworking/NSURLSession (2.5.2):
    - AFNetworking/Reachability
    - AFNetworking/Security
    - AFNetworking/Serialization
  - AFNetworking/Reachability (2.5.2)
  - AFNetworking/Security (2.5.2)
  - AFNetworking/Serialization (2.5.2)
  - AFNetworking/UIKit (2.5.2):
    - AFNetworking/NSURLConnection
    - AFNetworking/NSURLSession
  - Canvas (0.1.2)
  - GPUImage (0.1.6)
  - LTMorphingLabel (0.0.6)
  - ObjectiveSugar (0.9)
  - TOMSMorphingLabel (0.5.1)

DEPENDENCIES:
  - AFNetworking (~> 2.0)
  - Canvas
  - GPUImage (~> 0.1.4)
  - LTMorphingLabel (~> 0.0.6)
  - ObjectiveSugar (~> 0.5)
  - TOMSMorphingLabel (~> 0.5)

SPEC CHECKSUMS:
  AFNetworking: fefbce9660acb17f48ae0011292d4da0f457bf36
  Canvas: eb861e3b555d032648146c8ffda1a5dea40059ca
  GPUImage: 4675ce4a5370ca92fcea8623b2a08b8f0c51b940
  LTMorphingLabel: bce7121dd7a5d01b3f39f7a27e91a4d162ddea4a
  ObjectiveSugar: 18409ee1ec578dd8598b55e5008f393488dca5cf
  TOMSMorphingLabel: 3e88a2bf5257f8993ebc51fb3109187a0bfb2c4d

COCOAPODS: 0.36.3
